
Microsoft Visual Studio Solution File, Format Version 9.00
# Visual Studio 2005
Project("{FAE04EC0-301F-11D3-BF4B-00C04F79EFBC}") = "SimpleAPRSserver", "SimpleAPRSserver\SimpleAPRSserver.csproj", "{E0BBC088-37CD-4FA1-BC60-808FF8BF3EBC}"
EndProject
Global
	GlobalSection(SolutionConfigurationPlatforms) = preSolution
		Debug|Any CPU = Debug|Any CPU
		Release|Any CPU = Release|Any CPU
	EndGlobalSection
	GlobalSection(ProjectConfigurationPlatforms) = postSolution
		{E0BBC088-37CD-4FA1-BC60-808FF8BF3EBC}.Debug|Any CPU.ActiveCfg = Debug|Any CPU
		{E0BBC088-37CD-4FA1-BC60-808FF8BF3EBC}.Debug|Any CPU.Build.0 = Debug|Any CPU
		{E0BBC088-37CD-4FA1-BC60-808FF8BF3EBC}.Release|Any CPU.ActiveCfg = Release|Any CPU
		{E0BBC088-37CD-4FA1-BC60-808FF8BF3EBC}.Release|Any CPU.Build.0 = Release|Any CPU
	EndGlobalSection
	GlobalSection(SolutionProperties) = preSolution
		HideSolutionNode = FALSE
	EndGlobalSection
EndGlobal
